
Microsoft Visual Studio Solution File, Format Version 12.00
# Visual Studio Version 16
VisualStudioVersion = 16.0.30114.105
MinimumVisualStudioVersion = 10.0.40219.1
Project("{FAE04EC0-301F-11D3-BF4B-00C04F79EFBC}") = "Roommates", "Roommates\Roommates.csproj", "{5CE2971F-AFEA-4F9A-B7EF-FBCFF015EE2F}"
EndProject
Global
	GlobalSection(SolutionConfigurationPlatforms) = preSolution
		Debug|Any CPU = Debug|Any CPU
		Release|Any CPU = Release|Any CPU
	EndGlobalSection
	GlobalSection(ProjectConfigurationPlatforms) = postSolution
		{5CE2971F-AFEA-4F9A-B7EF-FBCFF015EE2F}.Debug|Any CPU.ActiveCfg = Debug|Any CPU
		{5CE2971F-AFEA-4F9A-B7EF-FBCFF015EE2F}.Debug|Any CPU.Build.0 = Debug|Any CPU
		{5CE2971F-AFEA-4F9A-B7EF-FBCFF015EE2F}.Release|Any CPU.ActiveCfg = Release|Any CPU
		{5CE2971F-AFEA-4F9A-B7EF-FBCFF015EE2F}.Release|Any CPU.Build.0 = Release|Any CPU
	EndGlobalSection
	GlobalSection(SolutionProperties) = preSolution
		HideSolutionNode = FALSE
	EndGlobalSection
	GlobalSection(ExtensibilityGlobals) = postSolution
		SolutionGuid = {3EA4CC11-E5BC-46BE-B4C2-7AC9E73C27D0}
	EndGlobalSection
EndGlobal
